// !$*UTF8*$!
{
	archiveVersion = 1;
	classes = {
	};
	objectVersion = 50;
	objects = {

/* Begin PBXBuildFile section */
		AC9CBF972583B36D0008BAA8 /* AppDelegate.swift in Sources */ = {isa = PBXBuildFile; fileRef = AC9CBF962583B36D0008BAA8 /* AppDelegate.swift */; };
		AC9CBF992583B36D0008BAA8 /* SceneDelegate.swift in Sources */ = {isa = PBXBuildFile; fileRef = AC9CBF982583B36D0008BAA8 /* SceneDelegate.swift */; };
		AC9CBF9B2583B36D0008BAA8 /* ViewController.swift in Sources */ = {isa = PBXBuildFile; fileRef = AC9CBF9A2583B36D0008BAA8 /* ViewController.swift */; };
		AC9CBF9E2583B36D0008BAA8 /* Main.storyboard in Resources */ = {isa = PBXBuildFile; fileRef = AC9CBF9C2583B36D0008BAA8 /* Main.storyboard */; };
		AC9CBFA02583B36E0008BAA8 /* Assets.xcassets in Resources */ = {isa = PBXBuildFile; fileRef = AC9CBF9F2583B36E0008BAA8 /* Assets.xcassets */; };
		AC9CBFA32583B36E0008BAA8 /* LaunchScreen.storyboard in Resources */ = {isa = PBXBuildFile; fileRef = AC9CBFA12583B36E0008BAA8 /* LaunchScreen.storyboard */; };
/* End PBXBuildFile section */

/* Begin PBXFileReference section */
		AC9CBF932583B36D0008BAA8 /* n211PickerView.app */ = {isa = PBXFileReference; explicitFileType = wrapper.application; includeInIndex = 0; path = n211PickerView.app; sourceTree = BUILT_PRODUCTS_DIR; };
		AC9CBF962583B36D0008BAA8 /* AppDelegate.swift */ = {isa = PBXFileReference; lastKnownFileType = sourcecode.swift; path = AppDelegate.swift; sourceTree = "<group>"; };
		AC9CBF982583B36D0008BAA8 /* SceneDelegate.swift */ = {isa = PBXFileReference; lastKnownFileType = sourcecode.swift; path = SceneDelegate.swift; sourceTree = "<group>"; };
		AC9CBF9A2583B36D0008BAA8 /* ViewController.swift */ = {isa = PBXFileReference; lastKnownFileType = sourcecode.swift; path = ViewController.swift; sourceTree = "<group>"; };
		AC9CBF9D2583B36D0008BAA8 /* Base */ = {isa = PBXFileReference; lastKnownFileType = file.storyboard; name = Base; path = Base.lproj/Main.storyboard; sourceTree = "<group>"; };
		AC9CBF9F2583B36E0008BAA8 /* Assets.xcassets */ = {isa = PBXFileReference; lastKnownFileType = folder.assetcatalog; path = Assets.xcassets; sourceTree = "<group>"; };
		AC9CBFA22583B36E0008BAA8 /* Base */ = {isa = PBXFileReference; lastKnownFileType = file.storyboard; name = Base; path = Base.lproj/LaunchScreen.storyboard; sourceTree = "<group>"; };
		AC9CBFA42583B36E0008BAA8 /* Info.plist */ = {isa = PBXFileReference; lastKnownFileType = text.plist.xml; path = Info.plist; sourceTree = "<group>"; };
/* End PBXFileReference section */

/* Begin PBXFrameworksBuildPhase section */
		AC9CBF902583B36D0008BAA8 /* Frameworks */ = {
			isa = PBXFrameworksBuildPhase;
			buildActionMask = 2147483647;
			files = (
			);
			runOnlyForDeploymentPostprocessing = 0;
		};
/* End PBXFrameworksBuildPhase section */

/* Begin PBXGroup section */
		AC9CBF8A2583B36D0008BAA8 = {
			isa = PBXGroup;
			children = (
				AC9CBF952583B36D0008BAA8 /* n211PickerView */,
				AC9CBF942583B36D0008BAA8 /* Products */,
			);
			sourceTree = "<group>";
		};
		AC9CBF942583B36D0008BAA8 /* Products */ = {
			isa = PBXGroup;
			children = (
				AC9CBF932583B36D0008BAA8 /* n211PickerView.app */,
			);
			name = Products;
			sourceTree = "<group>";
		};
		AC9CBF952583B36D0008BAA8 /* n211PickerView */ = {
			isa = PBXGroup;
			children = (
				AC9CBF962583B36D0008BAA8 /* AppDelegate.swift */,
				AC9CBF982583B36D0008BAA8 /* SceneDelegate.swift */,
				AC9CBF9A2583B36D0008BAA8 /* ViewController.swift */,
				AC9CBF9C2583B36D0008BAA8 /* Main.storyboard */,
				AC9CBF9F2583B36E0008BAA8 /* Assets.xcassets */,
				AC9CBFA12583B36E0008BAA8 /* LaunchScreen.storyboard */,
				AC9CBFA42583B36E0008BAA8 /* Info.plist */,
			);
			path = n211PickerView;
			sourceTree = "<group>";
		};
/* End PBXGroup section */

/* Begin PBXNativeTarget section */
		AC9CBF922583B36D0008BAA8 /* n211PickerView */ = {
			isa = PBXNativeTarget;
			buildConfigurationList = AC9CBFA72583B36E0008BAA8 /* Build configuration list for PBXNativeTarget "n211PickerView" */;
			buildPhases = (
				AC9CBF8F2583B36D0008BAA8 /* Sources */,
				AC9CBF902583B36D0008BAA8 /* Frameworks */,
				AC9CBF912583B36D0008BAA8 /* Resources */,
			);
			buildRules = (
			);
			dependencies = (
			);
			name = n211PickerView;
			productName = n211PickerView;
			productReference = AC9CBF932583B36D0008BAA8 /* n211PickerView.app */;
			productType = "com.apple.product-type.application";
		};
/* End PBXNativeTarget section */

/* Begin PBXProject section */
		AC9CBF8B2583B36D0008BAA8 /* Project object */ = {
			isa = PBXProject;
			attributes = {
				LastSwiftUpdateCheck = 1220;
				LastUpgradeCheck = 1220;
				TargetAttributes = {
					AC9CBF922583B36D0008BAA8 = {
						CreatedOnToolsVersion = 12.2;
					};
				};
			};
			buildConfigurationList = AC9CBF8E2583B36D0008BAA8 /* Build configuration list for PBXProject "n211PickerView" */;
			compatibilityVersion = "Xcode 9.3";
			developmentRegion = en;
			hasScannedForEncodings = 0;
			knownRegions = (
				en,
				Base,
			);
			mainGroup = AC9CBF8A2583B36D0008BAA8;
			productRefGroup = AC9CBF942583B36D0008BAA8 /* Products */;
			projectDirPath = "";
			projectRoot = "";
			targets = (
				AC9CBF922583B36D0008BAA8 /* n211PickerView */,
			);
		};
/* End PBXProject section */

/* Begin PBXResourcesBuildPhase section */
		AC9CBF912583B36D0008BAA8 /* Resources */ = {
			isa = PBXResourcesBuildPhase;
			buildActionMask = 2147483647;
			files = (
				AC9CBFA32583B36E0008BAA8 /* LaunchScreen.storyboard in Resources */,
				AC9CBFA02583B36E0008BAA8 /* Assets.xcassets in Resources */,
				AC9CBF9E2583B36D0008BAA8 /* Main.storyboard in Resources */,
			);
			runOnlyForDeploymentPostprocessing = 0;
		};
/* End PBXResourcesBuildPhase section */

/* Begin PBXSourcesBuildPhase section */
		AC9CBF8F2583B36D0008BAA8 /* Sources */ = {
			isa = PBXSourcesBuildPhase;
			buildActionMask = 2147483647;
			files = (
				AC9CBF9B2583B36D0008BAA8 /* ViewController.swift in Sources */,
				AC9CBF972583B36D0008BAA8 /* AppDelegate.swift in Sources */,
				AC9CBF992583B36D0008BAA8 /* SceneDelegate.swift in Sources */,
			);
			runOnlyForDeploymentPostprocessing = 0;
		};
/* End PBXSourcesBuildPhase section */

/* Begin PBXVariantGroup section */
		AC9CBF9C2583B36D0008BAA8 /* Main.storyboard */ = {
			isa = PBXVariantGroup;
			children = (
				AC9CBF9D2583B36D0008BAA8 /* Base */,
			);
			name = Main.storyboard;
			sourceTree = "<group>";
		};
		AC9CBFA12583B36E0008BAA8 /* LaunchScreen.storyboard */ = {
			isa = PBXVariantGroup;
			children = (
				AC9CBFA22583B36E0008BAA8 /* Base */,
			);
			name = LaunchScreen.storyboard;
			sourceTree = "<group>";
		};
/* End PBXVariantGroup section */

/* Begin XCBuildConfiguration section */
		AC9CBFA52583B36E0008BAA8 /* Debug */ = {
			isa = XCBuildConfiguration;
			buildSettings = {
				ALWAYS_SEARCH_USER_PATHS = NO;
				CLANG_ANALYZER_NONNULL = YES;
				CLANG_ANALYZER_NUMBER_OBJECT_CONVERSION = YES_AGGRESSIVE;
				CLANG_CXX_LANGUAGE_STANDARD = "gnu++14";
				CLANG_CXX_LIBRARY = "libc++";
				CLANG_ENABLE_MODULES = YES;
				CLANG_ENABLE_OBJC_ARC = YES;
				CLANG_ENABLE_OBJC_WEAK = YES;
				CLANG_WARN_BLOCK_CAPTURE_AUTORELEASING = YES;
				CLANG_WARN_BOOL_CONVERSION = YES;
				CLANG_WARN_COMMA = YES;
				CLANG_WARN_CONSTANT_CONVERSION = YES;
				CLANG_WARN_DEPRECATED_OBJC_IMPLEMENTATIONS = YES;
				CLANG_WARN_DIRECT_OBJC_ISA_USAGE = YES_ERROR;
				CLANG_WARN_DOCUMENTATION_COMMENTS = YES;
				CLANG_WARN_EMPTY_BODY = YES;
				CLANG_WARN_ENUM_CONVERSION = YES;
				CLANG_WARN_INFINITE_RECURSION = YES;
				CLANG_WARN_INT_CONVERSION = YES;
				CLANG_WARN_NON_LITERAL_NULL_CONVERSION = YES;
				CLANG_WARN_OBJC_IMPLICIT_RETAIN_SELF = YES;
				CLANG_WARN_OBJC_LITERAL_CONVERSION = YES;
				CLANG_WARN_OBJC_ROOT_CLASS = YES_ERROR;
				CLANG_WARN_QUOTED_INCLUDE_IN_FRAMEWORK_HEADER = YES;
				CLANG_WARN_RANGE_LOOP_ANALYSIS = YES;
				CLANG_WARN_STRICT_PROTOTYPES = YES;
				CLANG_WARN_SUSPICIOUS_MOVE = YES;
				CLANG_WARN_UNGUARDED_AVAILABILITY = YES_AGGRESSIVE;
				CLANG_WARN_UNREACHABLE_CODE = YES;
				CLANG_WARN__DUPLICATE_METHOD_MATCH = YES;
				COPY_PHASE_STRIP = NO;
				DEBUG_INFORMATION_FORMAT = dwarf;
				ENABLE_STRICT_OBJC_MSGSEND = YES;
				ENABLE_TESTABILITY = YES;
				GCC_C_LANGUAGE_STANDARD = gnu11;
				GCC_DYNAMIC_NO_PIC = NO;
				GCC_NO_COMMON_BLOCKS = YES;
				GCC_OPTIMIZATION_LEVEL = 0;
				GCC_PREPROCESSOR_DEFINITIONS = (
					"DEBUG=1",
					"$(inherited)",
				);
				GCC_WARN_64_TO_32_BIT_CONVERSION = YES;
				GCC_WARN_ABOUT_RETURN_TYPE = YES_ERROR;
				GCC_WARN_UNDECLARED_SELECTOR = YES;
				GCC_WARN_UNINITIALIZED_AUTOS = YES_AGGRESSIVE;
				GCC_WARN_UNUSED_FUNCTION = YES;
				GCC_WARN_UNUSED_VARIABLE = YES;
				IPHONEOS_DEPLOYMENT_TARGET = 14.2;
				MTL_ENABLE_DEBUG_INFO = INCLUDE_SOURCE;
				MTL_FAST_MATH = YES;
				ONLY_ACTIVE_ARCH = YES;
				SDKROOT = iphoneos;
				SWIFT_ACTIVE_COMPILATION_CONDITIONS = DEBUG;
				SWIFT_OPTIMIZATION_LEVEL = "-Onone";
			};
			name = Debug;
		};
		AC9CBFA62583B36E0008BAA8 /* Release */ = {
			isa = XCBuildConfiguration;
			buildSettings = {
				ALWAYS_SEARCH_USER_PATHS = NO;
				CLANG_ANALYZER_NONNULL = YES;
				CLANG_ANALYZER_NUMBER_OBJECT_CONVERSION = YES_AGGRESSIVE;
				CLANG_CXX_LANGUAGE_STANDARD = "gnu++14";
				CLANG_CXX_LIBRARY = "libc++";
				CLANG_ENABLE_MODULES = YES;
				CLANG_ENABLE_OBJC_ARC = YES;
				CLANG_ENABLE_OBJC_WEAK = YES;
				CLANG_WARN_BLOCK_CAPTURE_AUTORELEASING = YES;
				CLANG_WARN_BOOL_CONVERSION = YES;
				CLANG_WARN_COMMA = YES;
				CLANG_WARN_CONSTANT_CONVERSION = YES;
				CLANG_WARN_DEPRECATED_OBJC_IMPLEMENTATIONS = YES;
				CLANG_WARN_DIRECT_OBJC_ISA_USAGE = YES_ERROR;
				CLANG_WARN_DOCUMENTATION_COMMENTS = YES;
				CLANG_WARN_EMPTY_BODY = YES;
				CLANG_WARN_ENUM_CONVERSION = YES;
				CLANG_WARN_INFINITE_RECURSION = YES;
				CLANG_WARN_INT_CONVERSION = YES;
				CLANG_WARN_NON_LITERAL_NULL_CONVERSION = YES;
				CLANG_WARN_OBJC_IMPLICIT_RETAIN_SELF = YES;
				CLANG_WARN_OBJC_LITERAL_CONVERSION = YES;
				CLANG_WARN_OBJC_ROOT_CLASS = YES_ERROR;
				CLANG_WARN_QUOTED_INCLUDE_IN_FRAMEWORK_HEADER = YES;
				CLANG_WARN_RANGE_LOOP_ANALYSIS = YES;
				CLANG_WARN_STRICT_PROTOTYPES = YES;
				CLANG_WARN_SUSPICIOUS_MOVE = YES;
				CLANG_WARN_UNGUARDED_AVAILABILITY = YES_AGGRESSIVE;
				CLANG_WARN_UNREACHABLE_CODE = YES;
				CLANG_WARN__DUPLICATE_METHOD_MATCH = YES;
				COPY_PHASE_STRIP = NO;
				DEBUG_INFORMATION_FORMAT = "dwarf-with-dsym";
				ENABLE_NS_ASSERTIONS = NO;
				ENABLE_STRICT_OBJC_MSGSEND = YES;
				GCC_C_LANGUAGE_STANDARD = gnu11;
				GCC_NO_COMMON_BLOCKS = YES;
				GCC_WARN_64_TO_32_BIT_CONVERSION = YES;
				GCC_WARN_ABOUT_RETURN_TYPE = YES_ERROR;
				GCC_WARN_UNDECLARED_SELECTOR = YES;
				GCC_WARN_UNINITIALIZED_AUTOS = YES_AGGRESSIVE;
				GCC_WARN_UNUSED_FUNCTION = YES;
				GCC_WARN_UNUSED_VARIABLE = YES;
				IPHONEOS_DEPLOYMENT_TARGET = 14.2;
				MTL_ENABLE_DEBUG_INFO = NO;
				MTL_FAST_MATH = YES;
				SDKROOT = iphoneos;
				SWIFT_COMPILATION_MODE = wholemodule;
				SWIFT_OPTIMIZATION_LEVEL = "-O";
				VALIDATE_PRODUCT = YES;
			};
			name = Release;
		};
		AC9CBFA82583B36E0008BAA8 /* Debug */ = {
			isa = XCBuildConfiguration;
			buildSettings = {
				ASSETCATALOG_COMPILER_APPICON_NAME = AppIcon;
				ASSETCATALOG_COMPILER_GLOBAL_ACCENT_COLOR_NAME = AccentColor;
				CODE_SIGN_STYLE = Automatic;
				DEVELOPMENT_TEAM = D5BL2AKSDV;
				INFOPLIST_FILE = n211PickerView/Info.plist;
				LD_RUNPATH_SEARCH_PATHS = (
					"$(inherited)",
					"@executable_path/Frameworks",
				);
				PRODUCT_BUNDLE_IDENTIFIER = porsche.n211PickerView;
				PRODUCT_NAME = "$(TARGET_NAME)";
				SWIFT_VERSION = 5.0;
				TARGETED_DEVICE_FAMILY = "1,2";
			};
			name = Debug;
		};
		AC9CBFA92583B36E0008BAA8 /* Release */ = {
			isa = XCBuildConfiguration;
			buildSettings = {
				ASSETCATALOG_COMPILER_APPICON_NAME = AppIcon;
				ASSETCATALOG_COMPILER_GLOBAL_ACCENT_COLOR_NAME = AccentColor;
				CODE_SIGN_STYLE = Automatic;
				DEVELOPMENT_TEAM = D5BL2AKSDV;
				INFOPLIST_FILE = n211PickerView/Info.plist;
				LD_RUNPATH_SEARCH_PATHS = (
					"$(inherited)",
					"@executable_path/Frameworks",
				);
				PRODUCT_BUNDLE_IDENTIFIER = porsche.n211PickerView;
				PRODUCT_NAME = "$(TARGET_NAME)";
				SWIFT_VERSION = 5.0;
				TARGETED_DEVICE_FAMILY = "1,2";
			};
			name = Release;
		};
/* End XCBuildConfiguration section */

/* Begin XCConfigurationList section */
		AC9CBF8E2583B36D0008BAA8 /* Build configuration list for PBXProject "n211PickerView" */ = {
			isa = XCConfigurationList;
			buildConfigurations = (
				AC9CBFA52583B36E0008BAA8 /* Debug */,
				AC9CBFA62583B36E0008BAA8 /* Release */,
			);
			defaultConfigurationIsVisible = 0;
			defaultConfigurationName = Release;
		};
		AC9CBFA72583B36E0008BAA8 /* Build configuration list for PBXNativeTarget "n211PickerView" */ = {
			isa = XCConfigurationList;
			buildConfigurations = (
				AC9CBFA82583B36E0008BAA8 /* Debug */,
				AC9CBFA92583B36E0008BAA8 /* Release */,
			);
			defaultConfigurationIsVisible = 0;
			defaultConfigurationName = Release;
		};
/* End XCConfigurationList section */
	};
	rootObject = AC9CBF8B2583B36D0008BAA8 /* Project object */;
}
